// !$*UTF8*$!
{
	archiveVersion = 1;
	classes = {
	};
	objectVersion = 50;
	objects = {

/* Begin PBXBuildFile section */
		A55B14ECB731A86433F5CCB6 /* Pods_pixel_city.framework in Frameworks */ = {isa = PBXBuildFile; fileRef = 17BB8C3EB2DFD39C842EE38C /* Pods_pixel_city.framework */; };
		CE37410A21231C1300051151 /* DropablePin.swift in Sources */ = {isa = PBXBuildFile; fileRef = CE37410921231C1300051151 /* DropablePin.swift */; };
		CE3951152123DF83001693FB /* PhotoCell.swift in Sources */ = {isa = PBXBuildFile; fileRef = CE3951142123DF83001693FB /* PhotoCell.swift */; };
		CE3951172123EE13001693FB /* Constants.swift in Sources */ = {isa = PBXBuildFile; fileRef = CE3951162123EE13001693FB /* Constants.swift */; };
		CEC501412122CB3300A4BBA3 /* MapKit.framework in Frameworks */ = {isa = PBXBuildFile; fileRef = CEC501402122CB3300A4BBA3 /* MapKit.framework */; };
		CECEA080212295B200E06FEA /* AppDelegate.swift in Sources */ = {isa = PBXBuildFile; fileRef = CECEA07F212295B200E06FEA /* AppDelegate.swift */; };
		CECEA082212295B200E06FEA /* MapVC.swift in Sources */ = {isa = PBXBuildFile; fileRef = CECEA081212295B200E06FEA /* MapVC.swift */; };
		CECEA085212295B200E06FEA /* Main.storyboard in Resources */ = {isa = PBXBuildFile; fileRef = CECEA083212295B200E06FEA /* Main.storyboard */; };
		CECEA087212295B400E06FEA /* Assets.xcassets in Resources */ = {isa = PBXBuildFile; fileRef = CECEA086212295B400E06FEA /* Assets.xcassets */; };
		CECEA08A212295B400E06FEA /* LaunchScreen.storyboard in Resources */ = {isa = PBXBuildFile; fileRef = CECEA088212295B400E06FEA /* LaunchScreen.storyboard */; };
/* End PBXBuildFile section */

/* Begin PBXFileReference section */
		17BB8C3EB2DFD39C842EE38C /* Pods_pixel_city.framework */ = {isa = PBXFileReference; explicitFileType = wrapper.framework; includeInIndex = 0; path = Pods_pixel_city.framework; sourceTree = BUILT_PRODUCTS_DIR; };
		CE37410921231C1300051151 /* DropablePin.swift */ = {isa = PBXFileReference; lastKnownFileType = sourcecode.swift; path = DropablePin.swift; sourceTree = "<group>"; };
		CE3951142123DF83001693FB /* PhotoCell.swift */ = {isa = PBXFileReference; lastKnownFileType = sourcecode.swift; path = PhotoCell.swift; sourceTree = "<group>"; };
		CE3951162123EE13001693FB /* Constants.swift */ = {isa = PBXFileReference; lastKnownFileType = sourcecode.swift; path = Constants.swift; sourceTree = "<group>"; };
		CEC501402122CB3300A4BBA3 /* MapKit.framework */ = {isa = PBXFileReference; lastKnownFileType = wrapper.framework; name = MapKit.framework; path = System/Library/Frameworks/MapKit.framework; sourceTree = SDKROOT; };
		CECEA07C212295B200E06FEA /* pixel-city.app */ = {isa = PBXFileReference; explicitFileType = wrapper.application; includeInIndex = 0; path = "pixel-city.app"; sourceTree = BUILT_PRODUCTS_DIR; };
		CECEA07F212295B200E06FEA /* AppDelegate.swift */ = {isa = PBXFileReference; lastKnownFileType = sourcecode.swift; path = AppDelegate.swift; sourceTree = "<group>"; };
		CECEA081212295B200E06FEA /* MapVC.swift */ = {isa = PBXFileReference; lastKnownFileType = sourcecode.swift; path = MapVC.swift; sourceTree = "<group>"; };
		CECEA084212295B200E06FEA /* Base */ = {isa = PBXFileReference; lastKnownFileType = file.storyboard; name = Base; path = Base.lproj/Main.storyboard; sourceTree = "<group>"; };
		CECEA086212295B400E06FEA /* Assets.xcassets */ = {isa = PBXFileReference; lastKnownFileType = folder.assetcatalog; path = Assets.xcassets; sourceTree = "<group>"; };
		CECEA089212295B400E06FEA /* Base */ = {isa = PBXFileReference; lastKnownFileType = file.storyboard; name = Base; path = Base.lproj/LaunchScreen.storyboard; sourceTree = "<group>"; };
		CECEA08B212295B400E06FEA /* Info.plist */ = {isa = PBXFileReference; lastKnownFileType = text.plist.xml; path = Info.plist; sourceTree = "<group>"; };
		F22C7ED21A0ACCD9B09E8D3A /* Pods-pixel-city.debug.xcconfig */ = {isa = PBXFileReference; includeInIndex = 1; lastKnownFileType = text.xcconfig; name = "Pods-pixel-city.debug.xcconfig"; path = "Pods/Target Support Files/Pods-pixel-city/Pods-pixel-city.debug.xcconfig"; sourceTree = "<group>"; };
		FDA40AC2E579075A64F35425 /* Pods-pixel-city.release.xcconfig */ = {isa = PBXFileReference; includeInIndex = 1; lastKnownFileType = text.xcconfig; name = "Pods-pixel-city.release.xcconfig"; path = "Pods/Target Support Files/Pods-pixel-city/Pods-pixel-city.release.xcconfig"; sourceTree = "<group>"; };
/* End PBXFileReference section */

/* Begin PBXFrameworksBuildPhase section */
		CECEA079212295B200E06FEA /* Frameworks */ = {
			isa = PBXFrameworksBuildPhase;
			buildActionMask = 2147483647;
			files = (
				CEC501412122CB3300A4BBA3 /* MapKit.framework in Frameworks */,
				A55B14ECB731A86433F5CCB6 /* Pods_pixel_city.framework in Frameworks */,
			);
			runOnlyForDeploymentPostprocessing = 0;
		};
/* End PBXFrameworksBuildPhase section */

/* Begin PBXGroup section */
		3CB30D2E6A9BE1384A69F3A1 /* Frameworks */ = {
			isa = PBXGroup;
			children = (
				CEC501402122CB3300A4BBA3 /* MapKit.framework */,
				17BB8C3EB2DFD39C842EE38C /* Pods_pixel_city.framework */,
			);
			name = Frameworks;
			sourceTree = "<group>";
		};
		4AF9FCEFF6C37D282D222FC3 /* Pods */ = {
			isa = PBXGroup;
			children = (
				F22C7ED21A0ACCD9B09E8D3A /* Pods-pixel-city.debug.xcconfig */,
				FDA40AC2E579075A64F35425 /* Pods-pixel-city.release.xcconfig */,
			);
			name = Pods;
			sourceTree = "<group>";
		};
		CECEA073212295B200E06FEA = {
			isa = PBXGroup;
			children = (
				CECEA07E212295B200E06FEA /* pixel-city */,
				CECEA07D212295B200E06FEA /* Products */,
				4AF9FCEFF6C37D282D222FC3 /* Pods */,
				3CB30D2E6A9BE1384A69F3A1 /* Frameworks */,
			);
			sourceTree = "<group>";
		};
		CECEA07D212295B200E06FEA /* Products */ = {
			isa = PBXGroup;
			children = (
				CECEA07C212295B200E06FEA /* pixel-city.app */,
			);
			name = Products;
			sourceTree = "<group>";
		};
		CECEA07E212295B200E06FEA /* pixel-city */ = {
			isa = PBXGroup;
			children = (
				CECEA0942122961D00E06FEA /* Utilities */,
				CECEA0932122961600E06FEA /* Extensions */,
				CECEA0922122960500E06FEA /* View */,
				CECEA091212295F300E06FEA /* Controller */,
				CECEA07F212295B200E06FEA /* AppDelegate.swift */,
				CECEA083212295B200E06FEA /* Main.storyboard */,
				CECEA086212295B400E06FEA /* Assets.xcassets */,
				CECEA088212295B400E06FEA /* LaunchScreen.storyboard */,
				CECEA08B212295B400E06FEA /* Info.plist */,
			);
			path = "pixel-city";
			sourceTree = "<group>";
		};
		CECEA091212295F300E06FEA /* Controller */ = {
			isa = PBXGroup;
			children = (
				CECEA081212295B200E06FEA /* MapVC.swift */,
			);
			path = Controller;
			sourceTree = "<group>";
		};
		CECEA0922122960500E06FEA /* View */ = {
			isa = PBXGroup;
			children = (
				CE3951142123DF83001693FB /* PhotoCell.swift */,
				CE37410921231C1300051151 /* DropablePin.swift */,
			);
			path = View;
			sourceTree = "<group>";
		};
		CECEA0932122961600E06FEA /* Extensions */ = {
			isa = PBXGroup;
			children = (
			);
			path = Extensions;
			sourceTree = "<group>";
		};
		CECEA0942122961D00E06FEA /* Utilities */ = {
			isa = PBXGroup;
			children = (
				CE3951162123EE13001693FB /* Constants.swift */,
			);
			path = Utilities;
			sourceTree = "<group>";
		};
/* End PBXGroup section */

/* Begin PBXNativeTarget section */
		CECEA07B212295B200E06FEA /* pixel-city */ = {
			isa = PBXNativeTarget;
			buildConfigurationList = CECEA08E212295B400E06FEA /* Build configuration list for PBXNativeTarget "pixel-city" */;
			buildPhases = (
				967E1B7E8112BAF80DEB2F56 /* [CP] Check Pods Manifest.lock */,
				CECEA078212295B200E06FEA /* Sources */,
				CECEA079212295B200E06FEA /* Frameworks */,
				CECEA07A212295B200E06FEA /* Resources */,
				C82B0874E8F134EB92839475 /* [CP] Embed Pods Frameworks */,
			);
			buildRules = (
			);
			dependencies = (
			);
			name = "pixel-city";
			productName = "pixel-city";
			productReference = CECEA07C212295B200E06FEA /* pixel-city.app */;
			productType = "com.apple.product-type.application";
		};
/* End PBXNativeTarget section */

/* Begin PBXProject section */
		CECEA074212295B200E06FEA /* Project object */ = {
			isa = PBXProject;
			attributes = {
				LastSwiftUpdateCheck = 1000;
				LastUpgradeCheck = 1000;
				ORGANIZATIONNAME = user;
				TargetAttributes = {
					CECEA07B212295B200E06FEA = {
						CreatedOnToolsVersion = 10.0;
						SystemCapabilities = {
							com.apple.BackgroundModes = {
								enabled = 1;
							};
							com.apple.Maps.iOS = {
								enabled = 1;
							};
						};
					};
				};
			};
			buildConfigurationList = CECEA077212295B200E06FEA /* Build configuration list for PBXProject "pixel-city" */;
			compatibilityVersion = "Xcode 9.3";
			developmentRegion = en;
			hasScannedForEncodings = 0;
			knownRegions = (
				en,
				Base,
			);
			mainGroup = CECEA073212295B200E06FEA;
			productRefGroup = CECEA07D212295B200E06FEA /* Products */;
			projectDirPath = "";
			projectRoot = "";
			targets = (
				CECEA07B212295B200E06FEA /* pixel-city */,
			);
		};
/* End PBXProject section */

/* Begin PBXResourcesBuildPhase section */
		CECEA07A212295B200E06FEA /* Resources */ = {
			isa = PBXResourcesBuildPhase;
			buildActionMask = 2147483647;
			files = (
				CECEA08A212295B400E06FEA /* LaunchScreen.storyboard in Resources */,
				CECEA087212295B400E06FEA /* Assets.xcassets in Resources */,
				CECEA085212295B200E06FEA /* Main.storyboard in Resources */,
			);
			runOnlyForDeploymentPostprocessing = 0;
		};
/* End PBXResourcesBuildPhase section */

/* Begin PBXShellScriptBuildPhase section */
		967E1B7E8112BAF80DEB2F56 /* [CP] Check Pods Manifest.lock */ = {
			isa = PBXShellScriptBuildPhase;
			buildActionMask = 2147483647;
			files = (
			);
			inputPaths = (
				"${PODS_PODFILE_DIR_PATH}/Podfile.lock",
				"${PODS_ROOT}/Manifest.lock",
			);
			name = "[CP] Check Pods Manifest.lock";
			outputPaths = (
				"$(DERIVED_FILE_DIR)/Pods-pixel-city-checkManifestLockResult.txt",
			);
			runOnlyForDeploymentPostprocessing = 0;
			shellPath = /bin/sh;
			shellScript = "diff \"${PODS_PODFILE_DIR_PATH}/Podfile.lock\" \"${PODS_ROOT}/Manifest.lock\" > /dev/null\nif [ $? != 0 ] ; then\n    # print error to STDERR\n    echo \"error: The sandbox is not in sync with the Podfile.lock. Run 'pod install' or update your CocoaPods installation.\" >&2\n    exit 1\nfi\n# This output is used by Xcode 'outputs' to avoid re-running this script phase.\necho \"SUCCESS\" > \"${SCRIPT_OUTPUT_FILE_0}\"\n";
			showEnvVarsInLog = 0;
		};
		C82B0874E8F134EB92839475 /* [CP] Embed Pods Frameworks */ = {
			isa = PBXShellScriptBuildPhase;
			buildActionMask = 2147483647;
			files = (
			);
			inputPaths = (
				"${SRCROOT}/Pods/Target Support Files/Pods-pixel-city/Pods-pixel-city-frameworks.sh",
				"${BUILT_PRODUCTS_DIR}/Alamofire/Alamofire.framework",
				"${BUILT_PRODUCTS_DIR}/AlamofireImage/AlamofireImage.framework",
			);
			name = "[CP] Embed Pods Frameworks";
			outputPaths = (
				"${TARGET_BUILD_DIR}/${FRAMEWORKS_FOLDER_PATH}/Alamofire.framework",
				"${TARGET_BUILD_DIR}/${FRAMEWORKS_FOLDER_PATH}/AlamofireImage.framework",
			);
			runOnlyForDeploymentPostprocessing = 0;
			shellPath = /bin/sh;
			shellScript = "\"${SRCROOT}/Pods/Target Support Files/Pods-pixel-city/Pods-pixel-city-frameworks.sh\"\n";
			showEnvVarsInLog = 0;
		};
/* End PBXShellScriptBuildPhase section */

/* Begin PBXSourcesBuildPhase section */
		CECEA078212295B200E06FEA /* Sources */ = {
			isa = PBXSourcesBuildPhase;
			buildActionMask = 2147483647;
			files = (
				CE3951172123EE13001693FB /* Constants.swift in Sources */,
				CE3951152123DF83001693FB /* PhotoCell.swift in Sources */,
				CECEA082212295B200E06FEA /* MapVC.swift in Sources */,
				CE37410A21231C1300051151 /* DropablePin.swift in Sources */,
				CECEA080212295B200E06FEA /* AppDelegate.swift in Sources */,
			);
			runOnlyForDeploymentPostprocessing = 0;
		};
/* End PBXSourcesBuildPhase section */

/* Begin PBXVariantGroup section */
		CECEA083212295B200E06FEA /* Main.storyboard */ = {
			isa = PBXVariantGroup;
			children = (
				CECEA084212295B200E06FEA /* Base */,
			);
			name = Main.storyboard;
			sourceTree = "<group>";
		};
		CECEA088212295B400E06FEA /* LaunchScreen.storyboard */ = {
			isa = PBXVariantGroup;
			children = (
				CECEA089212295B400E06FEA /* Base */,
			);
			name = LaunchScreen.storyboard;
			sourceTree = "<group>";
		};
/* End PBXVariantGroup section */

/* Begin XCBuildConfiguration section */
		CECEA08C212295B400E06FEA /* Debug */ = {
			isa = XCBuildConfiguration;
			buildSettings = {
				ALWAYS_SEARCH_USER_PATHS = NO;
				CLANG_ANALYZER_NONNULL = YES;
				CLANG_ANALYZER_NUMBER_OBJECT_CONVERSION = YES_AGGRESSIVE;
				CLANG_CXX_LANGUAGE_STANDARD = "gnu++14";
				CLANG_CXX_LIBRARY = "libc++";
				CLANG_ENABLE_MODULES = YES;
				CLANG_ENABLE_OBJC_ARC = YES;
				CLANG_ENABLE_OBJC_WEAK = YES;
				CLANG_WARN_BLOCK_CAPTURE_AUTORELEASING = YES;
				CLANG_WARN_BOOL_CONVERSION = YES;
				CLANG_WARN_COMMA = YES;
				CLANG_WARN_CONSTANT_CONVERSION = YES;
				CLANG_WARN_DEPRECATED_OBJC_IMPLEMENTATIONS = YES;
				CLANG_WARN_DIRECT_OBJC_ISA_USAGE = YES_ERROR;
				CLANG_WARN_DOCUMENTATION_COMMENTS = YES;
				CLANG_WARN_EMPTY_BODY = YES;
				CLANG_WARN_ENUM_CONVERSION = YES;
				CLANG_WARN_INFINITE_RECURSION = YES;
				CLANG_WARN_INT_CONVERSION = YES;
				CLANG_WARN_NON_LITERAL_NULL_CONVERSION = YES;
				CLANG_WARN_OBJC_IMPLICIT_RETAIN_SELF = YES;
				CLANG_WARN_OBJC_LITERAL_CONVERSION = YES;
				CLANG_WARN_OBJC_ROOT_CLASS = YES_ERROR;
				CLANG_WARN_RANGE_LOOP_ANALYSIS = YES;
				CLANG_WARN_STRICT_PROTOTYPES = YES;
				CLANG_WARN_SUSPICIOUS_MOVE = YES;
				CLANG_WARN_UNGUARDED_AVAILABILITY = YES_AGGRESSIVE;
				CLANG_WARN_UNREACHABLE_CODE = YES;
				CLANG_WARN__DUPLICATE_METHOD_MATCH = YES;
				CODE_SIGN_IDENTITY = "iPhone Developer";
				COPY_PHASE_STRIP = NO;
				DEBUG_INFORMATION_FORMAT = dwarf;
				ENABLE_STRICT_OBJC_MSGSEND = YES;
				ENABLE_TESTABILITY = YES;
				GCC_C_LANGUAGE_STANDARD = gnu11;
				GCC_DYNAMIC_NO_PIC = NO;
				GCC_NO_COMMON_BLOCKS = YES;
				GCC_OPTIMIZATION_LEVEL = 0;
				GCC_PREPROCESSOR_DEFINITIONS = (
					"DEBUG=1",
					"$(inherited)",
				);
				GCC_WARN_64_TO_32_BIT_CONVERSION = YES;
				GCC_WARN_ABOUT_RETURN_TYPE = YES_ERROR;
				GCC_WARN_UNDECLARED_SELECTOR = YES;
				GCC_WARN_UNINITIALIZED_AUTOS = YES_AGGRESSIVE;
				GCC_WARN_UNUSED_FUNCTION = YES;
				GCC_WARN_UNUSED_VARIABLE = YES;
				IPHONEOS_DEPLOYMENT_TARGET = 11.4;
				MTL_ENABLE_DEBUG_INFO = INCLUDE_SOURCE;
				MTL_FAST_MATH = YES;
				ONLY_ACTIVE_ARCH = YES;
				SDKROOT = iphoneos;
				SWIFT_ACTIVE_COMPILATION_CONDITIONS = DEBUG;
				SWIFT_OPTIMIZATION_LEVEL = "-Onone";
			};
			name = Debug;
		};
		CECEA08D212295B400E06FEA /* Release */ = {
			isa = XCBuildConfiguration;
			buildSettings = {
				ALWAYS_SEARCH_USER_PATHS = NO;
				CLANG_ANALYZER_NONNULL = YES;
				CLANG_ANALYZER_NUMBER_OBJECT_CONVERSION = YES_AGGRESSIVE;
				CLANG_CXX_LANGUAGE_STANDARD = "gnu++14";
				CLANG_CXX_LIBRARY = "libc++";
				CLANG_ENABLE_MODULES = YES;
				CLANG_ENABLE_OBJC_ARC = YES;
				CLANG_ENABLE_OBJC_WEAK = YES;
				CLANG_WARN_BLOCK_CAPTURE_AUTORELEASING = YES;
				CLANG_WARN_BOOL_CONVERSION = YES;
				CLANG_WARN_COMMA = YES;
				CLANG_WARN_CONSTANT_CONVERSION = YES;
				CLANG_WARN_DEPRECATED_OBJC_IMPLEMENTATIONS = YES;
				CLANG_WARN_DIRECT_OBJC_ISA_USAGE = YES_ERROR;
				CLANG_WARN_DOCUMENTATION_COMMENTS = YES;
				CLANG_WARN_EMPTY_BODY = YES;
				CLANG_WARN_ENUM_CONVERSION = YES;
				CLANG_WARN_INFINITE_RECURSION = YES;
				CLANG_WARN_INT_CONVERSION = YES;
				CLANG_WARN_NON_LITERAL_NULL_CONVERSION = YES;
				CLANG_WARN_OBJC_IMPLICIT_RETAIN_SELF = YES;
				CLANG_WARN_OBJC_LITERAL_CONVERSION = YES;
				CLANG_WARN_OBJC_ROOT_CLASS = YES_ERROR;
				CLANG_WARN_RANGE_LOOP_ANALYSIS = YES;
				CLANG_WARN_STRICT_PROTOTYPES = YES;
				CLANG_WARN_SUSPICIOUS_MOVE = YES;
				CLANG_WARN_UNGUARDED_AVAILABILITY = YES_AGGRESSIVE;
				CLANG_WARN_UNREACHABLE_CODE = YES;
				CLANG_WARN__DUPLICATE_METHOD_MATCH = YES;
				CODE_SIGN_IDENTITY = "iPhone Developer";
				COPY_PHASE_STRIP = NO;
				DEBUG_INFORMATION_FORMAT = "dwarf-with-dsym";
				ENABLE_NS_ASSERTIONS = NO;
				ENABLE_STRICT_OBJC_MSGSEND = YES;
				GCC_C_LANGUAGE_STANDARD = gnu11;
				GCC_NO_COMMON_BLOCKS = YES;
				GCC_WARN_64_TO_32_BIT_CONVERSION = YES;
				GCC_WARN_ABOUT_RETURN_TYPE = YES_ERROR;
				GCC_WARN_UNDECLARED_SELECTOR = YES;
				GCC_WARN_UNINITIALIZED_AUTOS = YES_AGGRESSIVE;
				GCC_WARN_UNUSED_FUNCTION = YES;
				GCC_WARN_UNUSED_VARIABLE = YES;
				IPHONEOS_DEPLOYMENT_TARGET = 11.4;
				MTL_ENABLE_DEBUG_INFO = NO;
				MTL_FAST_MATH = YES;
				SDKROOT = iphoneos;
				SWIFT_COMPILATION_MODE = wholemodule;
				SWIFT_OPTIMIZATION_LEVEL = "-O";
				VALIDATE_PRODUCT = YES;
			};
			name = Release;
		};
		CECEA08F212295B400E06FEA /* Debug */ = {
			isa = XCBuildConfiguration;
			baseConfigurationReference = F22C7ED21A0ACCD9B09E8D3A /* Pods-pixel-city.debug.xcconfig */;
			buildSettings = {
				ASSETCATALOG_COMPILER_APPICON_NAME = AppIcon;
				CODE_SIGN_STYLE = Automatic;
				DEVELOPMENT_TEAM = CQW554G3VL;
				INFOPLIST_FILE = "pixel-city/Info.plist";
				IPHONEOS_DEPLOYMENT_TARGET = 11.4;
				LD_RUNPATH_SEARCH_PATHS = (
					"$(inherited)",
					"@executable_path/Frameworks",
				);
				PRODUCT_BUNDLE_IDENTIFIER = "swift.pixel-city";
				PRODUCT_NAME = "$(TARGET_NAME)";
				SWIFT_VERSION = 4.2;
				TARGETED_DEVICE_FAMILY = "1,2";
			};
			name = Debug;
		};
		CECEA090212295B400E06FEA /* Release */ = {
			isa = XCBuildConfiguration;
			baseConfigurationReference = FDA40AC2E579075A64F35425 /* Pods-pixel-city.release.xcconfig */;
			buildSettings = {
				ASSETCATALOG_COMPILER_APPICON_NAME = AppIcon;
				CODE_SIGN_STYLE = Automatic;
				DEVELOPMENT_TEAM = CQW554G3VL;
				INFOPLIST_FILE = "pixel-city/Info.plist";
				IPHONEOS_DEPLOYMENT_TARGET = 11.4;
				LD_RUNPATH_SEARCH_PATHS = (
					"$(inherited)",
					"@executable_path/Frameworks",
				);
				PRODUCT_BUNDLE_IDENTIFIER = "swift.pixel-city";
				PRODUCT_NAME = "$(TARGET_NAME)";
				SWIFT_VERSION = 4.2;
				TARGETED_DEVICE_FAMILY = "1,2";
			};
			name = Release;
		};
/* End XCBuildConfiguration section */

/* Begin XCConfigurationList section */
		CECEA077212295B200E06FEA /* Build configuration list for PBXProject "pixel-city" */ = {
			isa = XCConfigurationList;
			buildConfigurations = (
				CECEA08C212295B400E06FEA /* Debug */,
				CECEA08D212295B400E06FEA /* Release */,
			);
			defaultConfigurationIsVisible = 0;
			defaultConfigurationName = Release;
		};
		CECEA08E212295B400E06FEA /* Build configuration list for PBXNativeTarget "pixel-city" */ = {
			isa = XCConfigurationList;
			buildConfigurations = (
				CECEA08F212295B400E06FEA /* Debug */,
				CECEA090212295B400E06FEA /* Release */,
			);
			defaultConfigurationIsVisible = 0;
			defaultConfigurationName = Release;
		};
/* End XCConfigurationList section */
	};
	rootObject = CECEA074212295B200E06FEA /* Project object */;
}
